
Microsoft Visual Studio Solution File, Format Version 12.00
# Visual Studio Version 16
VisualStudioVersion = 16.0.31313.79
MinimumVisualStudioVersion = 10.0.40219.1
Project("{FAE04EC0-301F-11D3-BF4B-00C04F79EFBC}") = "teste_sistema_sinuca", "teste_sistema_sinuca.csproj", "{24C4E4BB-0E01-454B-BD4D-47C5907A4DA5}"
EndProject
Global
	GlobalSection(SolutionConfigurationPlatforms) = preSolution
		Debug|Any CPU = Debug|Any CPU
		Release|Any CPU = Release|Any CPU
	EndGlobalSection
	GlobalSection(ProjectConfigurationPlatforms) = postSolution
		{24C4E4BB-0E01-454B-BD4D-47C5907A4DA5}.Debug|Any CPU.ActiveCfg = Debug|Any CPU
		{24C4E4BB-0E01-454B-BD4D-47C5907A4DA5}.Debug|Any CPU.Build.0 = Debug|Any CPU
		{24C4E4BB-0E01-454B-BD4D-47C5907A4DA5}.Release|Any CPU.ActiveCfg = Release|Any CPU
		{24C4E4BB-0E01-454B-BD4D-47C5907A4DA5}.Release|Any CPU.Build.0 = Release|Any CPU
	EndGlobalSection
	GlobalSection(SolutionProperties) = preSolution
		HideSolutionNode = FALSE
	EndGlobalSection
	GlobalSection(ExtensibilityGlobals) = postSolution
		SolutionGuid = {3F930DA4-24F1-4613-9F1B-34A3B0FFE28E}
	EndGlobalSection
EndGlobal
